{
  "requires": true,
  "lockfileVersion": 1,
  "dependencies": {
    "@syncfusion/ej2-base": {
      "version": "17.4.39",
      "resolved": "https://registry.npmjs.org/@syncfusion/ej2-base/-/ej2-base-17.4.39.tgz",
      "integrity": "sha512-8q5/fahJ3V4lLfp2HDoFSA8nIFEMPemIfEKSwxCAdVATqWsxOGpMKmb3mjcsNtKk5VLANvZSOo+KtED53MxBAA==",
      "requires": {
        "@syncfusion/ej2-icons": "~17.4.39"
      }
    },
    "@syncfusion/ej2-buttons": {
      "version": "17.4.39",
      "resolved": "https://registry.npmjs.org/@syncfusion/ej2-buttons/-/ej2-buttons-17.4.39.tgz",
      "integrity": "sha512-voClQKLR0Fjf+4ayL0Robdt/0PHuTkIKDA22lnrHuniQ/Sx7gyNxoT++4GUUGu1ahTnBJEmv72S2v93nKb7npg==",
      "requires": {
        "@syncfusion/ej2-base": "~17.4.39"
      }
    },
    "@syncfusion/ej2-calendars": {
      "version": "17.4.39",
      "resolved": "https://registry.npmjs.org/@syncfusion/ej2-calendars/-/ej2-calendars-17.4.39.tgz",
      "integrity": "sha512-YhetGepqmnL6OtcNd8kkEbDA8HXFyCBtazie0In8PopjaJdDJXBWjnpgrCpw8CkEz1808JSoCgz53DaLVokwvA==",
      "requires": {
        "@syncfusion/ej2-base": "~17.4.39",
        "@syncfusion/ej2-buttons": "~17.4.39",
        "@syncfusion/ej2-inputs": "~17.4.39",
        "@syncfusion/ej2-lists": "~17.4.39",
        "@syncfusion/ej2-popups": "~17.4.39"
      }
    },
    "@syncfusion/ej2-charts": {
      "version": "17.4.39",
      "resolved": "https://registry.npmjs.org/@syncfusion/ej2-charts/-/ej2-charts-17.4.39.tgz",
      "integrity": "sha512-gtW560EAeAJNBry0MsA2Yp1jQoepP0bmiB8qqCj/y45lRgar2swJftoQkezFkNqasm4nmL9F8N6ImrbJzP0F3g==",
      "requires": {
        "@syncfusion/ej2-base": "~17.4.39",
        "@syncfusion/ej2-calendars": "~17.4.39",
        "@syncfusion/ej2-compression": "~17.4.39",
        "@syncfusion/ej2-data": "~17.4.39",
        "@syncfusion/ej2-file-utils": "~17.4.39",
        "@syncfusion/ej2-navigations": "~17.4.39",
        "@syncfusion/ej2-pdf-export": "~17.4.39",
        "@syncfusion/ej2-svg-base": "~17.4.39"
      }
    },
    "@syncfusion/ej2-compression": {
      "version": "17.4.39",
      "resolved": "https://registry.npmjs.org/@syncfusion/ej2-compression/-/ej2-compression-17.4.39.tgz",
      "integrity": "sha512-W9o27eg2IOc0fVGO2X+f8quRp5adSwFQV+rz25cuxV2hDjQSGUbBPbgxUOn/cIdyf4WPFOHbh+nDoPIunfNbpQ==",
      "requires": {
        "@syncfusion/ej2-file-utils": "~17.4.39"
      }
    },
    "@syncfusion/ej2-data": {
      "version": "17.4.39",
      "resolved": "https://registry.npmjs.org/@syncfusion/ej2-data/-/ej2-data-17.4.39.tgz",
      "integrity": "sha512-VRfkDhDkRD73aTwOORHBr/Q76FWW32SwrUB83l6OZ3a8+VIHO1GzayCTrTkNsYLmlruiSjEiGoqjMoWiHyXwJQ==",
      "requires": {
        "@syncfusion/ej2-base": "~17.4.39"
      }
    },
    "@syncfusion/ej2-documenteditor": {
      "version": "17.4.39",
      "resolved": "https://registry.npmjs.org/@syncfusion/ej2-documenteditor/-/ej2-documenteditor-17.4.39.tgz",
      "integrity": "sha512-tzSZdL9FNY6TqW6MOVSsHtg8pABcwY/MsvdStgQIyetlHa099YmrlvSTCH6cT4DJ0FZN0X3BfPQOgh09o8/YbA==",
      "requires": {
        "@syncfusion/ej2-base": "~17.4.39",
        "@syncfusion/ej2-buttons": "~17.4.39",
        "@syncfusion/ej2-compression": "~17.4.39",
        "@syncfusion/ej2-dropdowns": "~17.4.39",
        "@syncfusion/ej2-file-utils": "~17.4.39",
        "@syncfusion/ej2-inputs": "~17.4.39",
        "@syncfusion/ej2-navigations": "~17.4.39",
        "@syncfusion/ej2-office-chart": "~17.4.39",
        "@syncfusion/ej2-popups": "~17.4.39",
        "@syncfusion/ej2-splitbuttons": "~17.4.39"
      }
    },
    "@syncfusion/ej2-dropdowns": {
      "version": "17.4.39",
      "resolved": "https://registry.npmjs.org/@syncfusion/ej2-dropdowns/-/ej2-dropdowns-17.4.39.tgz",
      "integrity": "sha512-6o7Fwcg62I+vW85Exo2A+FhXosnUH0Hi7qEOoOYOzmzzdLyrjA+pvhQnEaxjw4Qcd2Zsif/2/JiHOCb7w6t3ew==",
      "requires": {
        "@syncfusion/ej2-base": "~17.4.39",
        "@syncfusion/ej2-data": "~17.4.39",
        "@syncfusion/ej2-inputs": "~17.4.39",
        "@syncfusion/ej2-lists": "~17.4.39",
        "@syncfusion/ej2-popups": "~17.4.39"
      }
    },
    "@syncfusion/ej2-file-utils": {
      "version": "17.4.39",
      "resolved": "https://registry.npmjs.org/@syncfusion/ej2-file-utils/-/ej2-file-utils-17.4.39.tgz",
      "integrity": "sha512-EWKdyurH9hS8jvTutW0pj7iO9PzEVa4cevMuEu49pnBmXilp2GJBAIShL0Zwq0tQlHH7j2tReOIJIUq9SCPACg=="
    },
    "@syncfusion/ej2-icons": {
      "version": "17.4.39",
      "resolved": "https://registry.npmjs.org/@syncfusion/ej2-icons/-/ej2-icons-17.4.39.tgz",
      "integrity": "sha512-jas7ASjI4Kxu+RJTY4qe9iX9EsihFtzYYp9y3YwlrrwQknvgHIcHB2YKIHnoRmmQx2F48yonktXLohO+Urryrw=="
    },
    "@syncfusion/ej2-inputs": {
      "version": "17.4.39",
      "resolved": "https://registry.npmjs.org/@syncfusion/ej2-inputs/-/ej2-inputs-17.4.39.tgz",
      "integrity": "sha512-oKoUz665NG69FhBK/YEV0EUpuUT8eYvEfOxy2Pa2TWPHX8cNlc0Xr0xnVoPR4HIgUIY94OS4ilDRg5TVW4NgCw==",
      "requires": {
        "@syncfusion/ej2-base": "~17.4.39",
        "@syncfusion/ej2-buttons": "~17.4.39",
        "@syncfusion/ej2-popups": "~17.4.39",
        "@syncfusion/ej2-splitbuttons": "~17.4.39"
      }
    },
    "@syncfusion/ej2-lists": {
      "version": "17.4.39",
      "resolved": "https://registry.npmjs.org/@syncfusion/ej2-lists/-/ej2-lists-17.4.39.tgz",
      "integrity": "sha512-Mj9Us8ZSHbeexdBcLzR6UXKE0gpHpVrZ+fKYQqgvolBwxGyJH0Ai0BdjY2yomhxe96HJ0Nu/NMffK70t/vRO3g==",
      "requires": {
        "@syncfusion/ej2-base": "~17.4.39",
        "@syncfusion/ej2-buttons": "~17.4.39",
        "@syncfusion/ej2-data": "~17.4.39"
      }
    },
    "@syncfusion/ej2-navigations": {
      "version": "17.4.39",
      "resolved": "https://registry.npmjs.org/@syncfusion/ej2-navigations/-/ej2-navigations-17.4.39.tgz",
      "integrity": "sha512-MamwaijVLeqOdh83w/7a9uva7p31b+gJNBwEjomXAk6pusxDAQV5VfCQQzDXI2TfWdHvS2hEKW+vgL1bODe9OQ==",
      "requires": {
        "@syncfusion/ej2-base": "~17.4.39",
        "@syncfusion/ej2-buttons": "~17.4.39",
        "@syncfusion/ej2-data": "~17.4.39",
        "@syncfusion/ej2-inputs": "~17.4.39",
        "@syncfusion/ej2-lists": "~17.4.39",
        "@syncfusion/ej2-popups": "~17.4.39"
      }
    },
    "@syncfusion/ej2-office-chart": {
      "version": "17.4.39",
      "resolved": "https://registry.npmjs.org/@syncfusion/ej2-office-chart/-/ej2-office-chart-17.4.39.tgz",
      "integrity": "sha512-jORqiAdm5PveZgDlfCj1h4hfWo0TfiQ8cNA0TOXhPdFzS8Bwgmpn6ynQcA8hM+2+D6DwIpx/PHy3gEVtAJl9Qg==",
      "requires": {
        "@syncfusion/ej2-charts": "~17.4.39"
      }
    },
    "@syncfusion/ej2-pdf-export": {
      "version": "17.4.39",
      "resolved": "https://registry.npmjs.org/@syncfusion/ej2-pdf-export/-/ej2-pdf-export-17.4.39.tgz",
      "integrity": "sha512-fFCh+VGY7746wW7uPEGKhKXx2F7p2bl9M5Lq/jvQRjvINY7qucXdU3mchu8aRHeEtR4tTHhfX2FP8EEsBEykUA==",
      "requires": {
        "@syncfusion/ej2-compression": "~17.4.39"
      }
    },
    "@syncfusion/ej2-popups": {
      "version": "17.4.39",
      "resolved": "https://registry.npmjs.org/@syncfusion/ej2-popups/-/ej2-popups-17.4.39.tgz",
      "integrity": "sha512-1YnFdol8MH4OFrestMbD3ZJAIObdd2c1XpipunVO1muaIOQqa+oR6N6tWfEASVyhEgB7Pbah9CZZtTXT1MkFbA==",
      "requires": {
        "@syncfusion/ej2-base": "~17.4.39",
        "@syncfusion/ej2-buttons": "~17.4.39"
      }
    },
    "@syncfusion/ej2-react-base": {
      "version": "17.4.39",
      "resolved": "https://registry.npmjs.org/@syncfusion/ej2-react-base/-/ej2-react-base-17.4.39.tgz",
      "integrity": "sha512-A6FtoLX5PrPAr9C0zeF1X9vvBw/qGwPtDWi2ZiBJ8UImjhgAgq97lNQobE5slVoYzDTViMbslDuZIerLehHfhA==",
      "requires": {
        "@syncfusion/ej2-base": "~17.4.39"
      }
    },
    "@syncfusion/ej2-react-documenteditor": {
      "version": "17.4.39",
      "resolved": "https://registry.npmjs.org/@syncfusion/ej2-react-documenteditor/-/ej2-react-documenteditor-17.4.39.tgz",
      "integrity": "sha512-5q29kILgcSAao7XwAxmM6RFHvKiudYxGAQggaE3UhFNHeisP0bfCeoErQvb7I3lomqJe0sEPW7AVgupIhHjVCQ==",
      "requires": {
        "@syncfusion/ej2-base": "~17.4.39",
        "@syncfusion/ej2-documenteditor": "17.4.39",
        "@syncfusion/ej2-react-base": "~17.4.39"
      }
    },
    "@syncfusion/ej2-splitbuttons": {
      "version": "17.4.39",
      "resolved": "https://registry.npmjs.org/@syncfusion/ej2-splitbuttons/-/ej2-splitbuttons-17.4.39.tgz",
      "integrity": "sha512-bcKxbHXRBSvR49I/jYzsim7LhvmXRJRE8yLefV2odv6CwFYyQI2WQdrdM3YYREr4RBT1fsJc9Wkj7CZ0EfQFcA==",
      "requires": {
        "@syncfusion/ej2-base": "~17.4.39",
        "@syncfusion/ej2-popups": "~17.4.39"
      }
    },
    "@syncfusion/ej2-svg-base": {
      "version": "17.4.39",
      "resolved": "https://registry.npmjs.org/@syncfusion/ej2-svg-base/-/ej2-svg-base-17.4.39.tgz",
      "integrity": "sha512-xCWJjmgPL4WWgrVeODiuUr7VJGv2lvnwhu8KyLPkhYG+e/lOOFNomRFpB10ktE3qVYlEkBai1bk06kKeUUxa5Q==",
      "requires": {
        "@syncfusion/ej2-base": "~17.4.39"
      }
    }
  }
}
